
Microsoft Visual Studio Solution File, Format Version 12.00
# Visual Studio Version 17
VisualStudioVersion = 17.2.32516.85
MinimumVisualStudioVersion = 10.0.40219.1
Project("{FAE04EC0-301F-11D3-BF4B-00C04F79EFBC}") = "WindowsFormsApp", "WindowsFormsApp\WindowsFormsApp.csproj", "{A6C5200B-1C99-4D33-97DF-42E83E5EE09C}"
EndProject
Project("{FAE04EC0-301F-11D3-BF4B-00C04F79EFBC}") = "DAL", "DAL\DAL.csproj", "{18050C4A-4279-45B4-BDA8-95EA3BAB9880}"
EndProject
Project("{FAE04EC0-301F-11D3-BF4B-00C04F79EFBC}") = "Loader", "Loader\Loader.csproj", "{193F414D-1E5E-4FF3-A3AB-4160946DBE04}"
EndProject
Project("{FAE04EC0-301F-11D3-BF4B-00C04F79EFBC}") = "WpfApp", "WpfApp\WpfApp.csproj", "{BF4480C9-DA10-44EC-AAEC-1E55A59C35DC}"
EndProject
Global
	GlobalSection(SolutionConfigurationPlatforms) = preSolution
		Debug|Any CPU = Debug|Any CPU
		Release|Any CPU = Release|Any CPU
	EndGlobalSection
	GlobalSection(ProjectConfigurationPlatforms) = postSolution
		{A6C5200B-1C99-4D33-97DF-42E83E5EE09C}.Debug|Any CPU.ActiveCfg = Debug|Any CPU
		{A6C5200B-1C99-4D33-97DF-42E83E5EE09C}.Debug|Any CPU.Build.0 = Debug|Any CPU
		{A6C5200B-1C99-4D33-97DF-42E83E5EE09C}.Release|Any CPU.ActiveCfg = Release|Any CPU
		{A6C5200B-1C99-4D33-97DF-42E83E5EE09C}.Release|Any CPU.Build.0 = Release|Any CPU
		{18050C4A-4279-45B4-BDA8-95EA3BAB9880}.Debug|Any CPU.ActiveCfg = Debug|Any CPU
		{18050C4A-4279-45B4-BDA8-95EA3BAB9880}.Debug|Any CPU.Build.0 = Debug|Any CPU
		{18050C4A-4279-45B4-BDA8-95EA3BAB9880}.Release|Any CPU.ActiveCfg = Release|Any CPU
		{18050C4A-4279-45B4-BDA8-95EA3BAB9880}.Release|Any CPU.Build.0 = Release|Any CPU
		{193F414D-1E5E-4FF3-A3AB-4160946DBE04}.Debug|Any CPU.ActiveCfg = Debug|Any CPU
		{193F414D-1E5E-4FF3-A3AB-4160946DBE04}.Debug|Any CPU.Build.0 = Debug|Any CPU
		{193F414D-1E5E-4FF3-A3AB-4160946DBE04}.Release|Any CPU.ActiveCfg = Release|Any CPU
		{193F414D-1E5E-4FF3-A3AB-4160946DBE04}.Release|Any CPU.Build.0 = Release|Any CPU
		{BF4480C9-DA10-44EC-AAEC-1E55A59C35DC}.Debug|Any CPU.ActiveCfg = Debug|Any CPU
		{BF4480C9-DA10-44EC-AAEC-1E55A59C35DC}.Debug|Any CPU.Build.0 = Debug|Any CPU
		{BF4480C9-DA10-44EC-AAEC-1E55A59C35DC}.Release|Any CPU.ActiveCfg = Release|Any CPU
		{BF4480C9-DA10-44EC-AAEC-1E55A59C35DC}.Release|Any CPU.Build.0 = Release|Any CPU
	EndGlobalSection
	GlobalSection(SolutionProperties) = preSolution
		HideSolutionNode = FALSE
	EndGlobalSection
	GlobalSection(ExtensibilityGlobals) = postSolution
		SolutionGuid = {1CAA0EB7-D733-4A38-86ED-90DBDF58BB9E}
	EndGlobalSection
EndGlobal
